
Microsoft Visual Studio Solution File, Format Version 12.00
# Visual Studio 15
VisualStudioVersion = 15.0.28307.168
MinimumVisualStudioVersion = 10.0.40219.1
Project("{FAE04EC0-301F-11D3-BF4B-00C04F79EFBC}") = "Store", "Store\Store.csproj", "{CED52E71-6A64-4CDE-BDD6-D900899144A3}"
EndProject
Global
	GlobalSection(SolutionConfigurationPlatforms) = preSolution
		Debug|Any CPU = Debug|Any CPU
		Release|Any CPU = Release|Any CPU
	EndGlobalSection
	GlobalSection(ProjectConfigurationPlatforms) = postSolution
		{CED52E71-6A64-4CDE-BDD6-D900899144A3}.Debug|Any CPU.ActiveCfg = Debug|Any CPU
		{CED52E71-6A64-4CDE-BDD6-D900899144A3}.Debug|Any CPU.Build.0 = Debug|Any CPU
		{CED52E71-6A64-4CDE-BDD6-D900899144A3}.Release|Any CPU.ActiveCfg = Release|Any CPU
		{CED52E71-6A64-4CDE-BDD6-D900899144A3}.Release|Any CPU.Build.0 = Release|Any CPU
	EndGlobalSection
	GlobalSection(SolutionProperties) = preSolution
		HideSolutionNode = FALSE
	EndGlobalSection
	GlobalSection(ExtensibilityGlobals) = postSolution
		SolutionGuid = {24336475-DC9E-48F0-AB7C-49C846519141}
	EndGlobalSection
EndGlobal
